
Microsoft Visual Studio Solution File, Format Version 12.00
# Visual Studio Version 17
VisualStudioVersion = 17.4.33213.308
MinimumVisualStudioVersion = 10.0.40219.1
Project("{FAE04EC0-301F-11D3-BF4B-00C04F79EFBC}") = "Sukhov_6", "Sukhov_6\Sukhov_6.csproj", "{F2DE38EE-BFCA-47D6-A04A-B09AE84A2E4D}"
EndProject
Global
	GlobalSection(SolutionConfigurationPlatforms) = preSolution
		Debug|Any CPU = Debug|Any CPU
		Release|Any CPU = Release|Any CPU
	EndGlobalSection
	GlobalSection(ProjectConfigurationPlatforms) = postSolution
		{F2DE38EE-BFCA-47D6-A04A-B09AE84A2E4D}.Debug|Any CPU.ActiveCfg = Debug|Any CPU
		{F2DE38EE-BFCA-47D6-A04A-B09AE84A2E4D}.Debug|Any CPU.Build.0 = Debug|Any CPU
		{F2DE38EE-BFCA-47D6-A04A-B09AE84A2E4D}.Release|Any CPU.ActiveCfg = Release|Any CPU
		{F2DE38EE-BFCA-47D6-A04A-B09AE84A2E4D}.Release|Any CPU.Build.0 = Release|Any CPU
	EndGlobalSection
	GlobalSection(SolutionProperties) = preSolution
		HideSolutionNode = FALSE
	EndGlobalSection
	GlobalSection(ExtensibilityGlobals) = postSolution
		SolutionGuid = {3E41CEAA-6CAF-48B7-B696-4E3CB2F18230}
	EndGlobalSection
EndGlobal
